// !$*UTF8*$!
{
	archiveVersion = 1;
	classes = {
	};
	objectVersion = 46;
	objects = {

/* Begin PBXBuildFile section */
		B100D3AB1C3B29CC0074D936 /* AppDelegate.swift in Sources */ = {isa = PBXBuildFile; fileRef = B100D3AA1C3B29CC0074D936 /* AppDelegate.swift */; };
		B100D3AD1C3B29CC0074D936 /* LoginViewController.swift in Sources */ = {isa = PBXBuildFile; fileRef = B100D3AC1C3B29CC0074D936 /* LoginViewController.swift */; };
		B100D3B01C3B29CC0074D936 /* Main.storyboard in Resources */ = {isa = PBXBuildFile; fileRef = B100D3AE1C3B29CC0074D936 /* Main.storyboard */; };
		B100D3B21C3B29CC0074D936 /* Assets.xcassets in Resources */ = {isa = PBXBuildFile; fileRef = B100D3B11C3B29CC0074D936 /* Assets.xcassets */; };
		B100D3B51C3B29CC0074D936 /* LaunchScreen.storyboard in Resources */ = {isa = PBXBuildFile; fileRef = B100D3B31C3B29CC0074D936 /* LaunchScreen.storyboard */; };
		B100D3C01C3B29CC0074D936 /* On_The_MapTests.swift in Sources */ = {isa = PBXBuildFile; fileRef = B100D3BF1C3B29CC0074D936 /* On_The_MapTests.swift */; };
		B100D3CB1C3B29CC0074D936 /* On_The_MapUITests.swift in Sources */ = {isa = PBXBuildFile; fileRef = B100D3CA1C3B29CC0074D936 /* On_The_MapUITests.swift */; };
		B100D3E21C3DFE460074D936 /* UdacityClient.swift in Sources */ = {isa = PBXBuildFile; fileRef = B100D3E11C3DFE460074D936 /* UdacityClient.swift */; };
		B100D3E41C3DFE800074D936 /* UdacityConstants.swift in Sources */ = {isa = PBXBuildFile; fileRef = B100D3E31C3DFE800074D936 /* UdacityConstants.swift */; };
		B100D3E61C3DFEAC0074D936 /* UdacityConvenience.swift in Sources */ = {isa = PBXBuildFile; fileRef = B100D3E51C3DFEAC0074D936 /* UdacityConvenience.swift */; };
		B1637DDA1C5043DD00E30B0F /* ParseClient.swift in Sources */ = {isa = PBXBuildFile; fileRef = B1637DD91C5043DD00E30B0F /* ParseClient.swift */; };
		B1637DDC1C5043F100E30B0F /* ParseConvenience.swift in Sources */ = {isa = PBXBuildFile; fileRef = B1637DDB1C5043F100E30B0F /* ParseConvenience.swift */; };
		B1637DDE1C50440700E30B0F /* ParseConstants.swift in Sources */ = {isa = PBXBuildFile; fileRef = B1637DDD1C50440700E30B0F /* ParseConstants.swift */; };
		B1637DE01C52E81D00E30B0F /* StudentLocations.swift in Sources */ = {isa = PBXBuildFile; fileRef = B1637DDF1C52E81D00E30B0F /* StudentLocations.swift */; };
		B1637DE21C53B8EE00E30B0F /* MapViewController.swift in Sources */ = {isa = PBXBuildFile; fileRef = B1637DE11C53B8EE00E30B0F /* MapViewController.swift */; };
/* End PBXBuildFile section */

/* Begin PBXContainerItemProxy section */
		B100D3BC1C3B29CC0074D936 /* PBXContainerItemProxy */ = {
			isa = PBXContainerItemProxy;
			containerPortal = B100D39F1C3B29CC0074D936 /* Project object */;
			proxyType = 1;
			remoteGlobalIDString = B100D3A61C3B29CC0074D936;
			remoteInfo = "On The Map";
		};
		B100D3C71C3B29CC0074D936 /* PBXContainerItemProxy */ = {
			isa = PBXContainerItemProxy;
			containerPortal = B100D39F1C3B29CC0074D936 /* Project object */;
			proxyType = 1;
			remoteGlobalIDString = B100D3A61C3B29CC0074D936;
			remoteInfo = "On The Map";
		};
/* End PBXContainerItemProxy section */

/* Begin PBXFileReference section */
		B100D3A71C3B29CC0074D936 /* On The Map.app */ = {isa = PBXFileReference; explicitFileType = wrapper.application; includeInIndex = 0; path = "On The Map.app"; sourceTree = BUILT_PRODUCTS_DIR; };
		B100D3AA1C3B29CC0074D936 /* AppDelegate.swift */ = {isa = PBXFileReference; lastKnownFileType = sourcecode.swift; path = AppDelegate.swift; sourceTree = "<group>"; };
		B100D3AC1C3B29CC0074D936 /* LoginViewController.swift */ = {isa = PBXFileReference; lastKnownFileType = sourcecode.swift; path = LoginViewController.swift; sourceTree = "<group>"; };
		B100D3AF1C3B29CC0074D936 /* Base */ = {isa = PBXFileReference; lastKnownFileType = file.storyboard; name = Base; path = Base.lproj/Main.storyboard; sourceTree = "<group>"; };
		B100D3B11C3B29CC0074D936 /* Assets.xcassets */ = {isa = PBXFileReference; lastKnownFileType = folder.assetcatalog; path = Assets.xcassets; sourceTree = "<group>"; };
		B100D3B41C3B29CC0074D936 /* Base */ = {isa = PBXFileReference; lastKnownFileType = file.storyboard; name = Base; path = Base.lproj/LaunchScreen.storyboard; sourceTree = "<group>"; };
		B100D3B61C3B29CC0074D936 /* Info.plist */ = {isa = PBXFileReference; lastKnownFileType = text.plist.xml; path = Info.plist; sourceTree = "<group>"; };
		B100D3BB1C3B29CC0074D936 /* On The MapTests.xctest */ = {isa = PBXFileReference; explicitFileType = wrapper.cfbundle; includeInIndex = 0; path = "On The MapTests.xctest"; sourceTree = BUILT_PRODUCTS_DIR; };
		B100D3BF1C3B29CC0074D936 /* On_The_MapTests.swift */ = {isa = PBXFileReference; lastKnownFileType = sourcecode.swift; path = On_The_MapTests.swift; sourceTree = "<group>"; };
		B100D3C11C3B29CC0074D936 /* Info.plist */ = {isa = PBXFileReference; lastKnownFileType = text.plist.xml; path = Info.plist; sourceTree = "<group>"; };
		B100D3C61C3B29CC0074D936 /* On The MapUITests.xctest */ = {isa = PBXFileReference; explicitFileType = wrapper.cfbundle; includeInIndex = 0; path = "On The MapUITests.xctest"; sourceTree = BUILT_PRODUCTS_DIR; };
		B100D3CA1C3B29CC0074D936 /* On_The_MapUITests.swift */ = {isa = PBXFileReference; lastKnownFileType = sourcecode.swift; path = On_The_MapUITests.swift; sourceTree = "<group>"; };
		B100D3CC1C3B29CC0074D936 /* Info.plist */ = {isa = PBXFileReference; lastKnownFileType = text.plist.xml; path = Info.plist; sourceTree = "<group>"; };
		B100D3E11C3DFE460074D936 /* UdacityClient.swift */ = {isa = PBXFileReference; fileEncoding = 4; lastKnownFileType = sourcecode.swift; path = UdacityClient.swift; sourceTree = "<group>"; };
		B100D3E31C3DFE800074D936 /* UdacityConstants.swift */ = {isa = PBXFileReference; fileEncoding = 4; lastKnownFileType = sourcecode.swift; path = UdacityConstants.swift; sourceTree = "<group>"; };
		B100D3E51C3DFEAC0074D936 /* UdacityConvenience.swift */ = {isa = PBXFileReference; fileEncoding = 4; lastKnownFileType = sourcecode.swift; path = UdacityConvenience.swift; sourceTree = "<group>"; };
		B1637DD91C5043DD00E30B0F /* ParseClient.swift */ = {isa = PBXFileReference; fileEncoding = 4; lastKnownFileType = sourcecode.swift; path = ParseClient.swift; sourceTree = "<group>"; };
		B1637DDB1C5043F100E30B0F /* ParseConvenience.swift */ = {isa = PBXFileReference; fileEncoding = 4; lastKnownFileType = sourcecode.swift; path = ParseConvenience.swift; sourceTree = "<group>"; };
		B1637DDD1C50440700E30B0F /* ParseConstants.swift */ = {isa = PBXFileReference; fileEncoding = 4; lastKnownFileType = sourcecode.swift; path = ParseConstants.swift; sourceTree = "<group>"; };
		B1637DDF1C52E81D00E30B0F /* StudentLocations.swift */ = {isa = PBXFileReference; fileEncoding = 4; lastKnownFileType = sourcecode.swift; path = StudentLocations.swift; sourceTree = "<group>"; };
		B1637DE11C53B8EE00E30B0F /* MapViewController.swift */ = {isa = PBXFileReference; fileEncoding = 4; lastKnownFileType = sourcecode.swift; path = MapViewController.swift; sourceTree = "<group>"; };
/* End PBXFileReference section */

/* Begin PBXFrameworksBuildPhase section */
		B100D3A41C3B29CC0074D936 /* Frameworks */ = {
			isa = PBXFrameworksBuildPhase;
			buildActionMask = 2147483647;
			files = (
			);
			runOnlyForDeploymentPostprocessing = 0;
		};
		B100D3B81C3B29CC0074D936 /* Frameworks */ = {
			isa = PBXFrameworksBuildPhase;
			buildActionMask = 2147483647;
			files = (
			);
			runOnlyForDeploymentPostprocessing = 0;
		};
		B100D3C31C3B29CC0074D936 /* Frameworks */ = {
			isa = PBXFrameworksBuildPhase;
			buildActionMask = 2147483647;
			files = (
			);
			runOnlyForDeploymentPostprocessing = 0;
		};
/* End PBXFrameworksBuildPhase section */

/* Begin PBXGroup section */
		B100D39E1C3B29CC0074D936 = {
			isa = PBXGroup;
			children = (
				B100D3A91C3B29CC0074D936 /* On The Map */,
				B100D3BE1C3B29CC0074D936 /* On The MapTests */,
				B100D3C91C3B29CC0074D936 /* On The MapUITests */,
				B100D3A81C3B29CC0074D936 /* Products */,
			);
			sourceTree = "<group>";
		};
		B100D3A81C3B29CC0074D936 /* Products */ = {
			isa = PBXGroup;
			children = (
				B100D3A71C3B29CC0074D936 /* On The Map.app */,
				B100D3BB1C3B29CC0074D936 /* On The MapTests.xctest */,
				B100D3C61C3B29CC0074D936 /* On The MapUITests.xctest */,
			);
			name = Products;
			sourceTree = "<group>";
		};
		B100D3A91C3B29CC0074D936 /* On The Map */ = {
			isa = PBXGroup;
			children = (
				B100D3AE1C3B29CC0074D936 /* Main.storyboard */,
				B100D3E71C3F21010074D936 /* Controller */,
				B1637DD81C5043AC00E30B0F /* Parse */,
				B100D3E01C3DFE270074D936 /* Udacity */,
				B100D3AA1C3B29CC0074D936 /* AppDelegate.swift */,
				B100D3B11C3B29CC0074D936 /* Assets.xcassets */,
				B100D3B31C3B29CC0074D936 /* LaunchScreen.storyboard */,
				B100D3B61C3B29CC0074D936 /* Info.plist */,
			);
			path = "On The Map";
			sourceTree = "<group>";
		};
		B100D3BE1C3B29CC0074D936 /* On The MapTests */ = {
			isa = PBXGroup;
			children = (
				B100D3BF1C3B29CC0074D936 /* On_The_MapTests.swift */,
				B100D3C11C3B29CC0074D936 /* Info.plist */,
			);
			path = "On The MapTests";
			sourceTree = "<group>";
		};
		B100D3C91C3B29CC0074D936 /* On The MapUITests */ = {
			isa = PBXGroup;
			children = (
				B100D3CA1C3B29CC0074D936 /* On_The_MapUITests.swift */,
				B100D3CC1C3B29CC0074D936 /* Info.plist */,
			);
			path = "On The MapUITests";
			sourceTree = "<group>";
		};
		B100D3E01C3DFE270074D936 /* Udacity */ = {
			isa = PBXGroup;
			children = (
				B100D3E31C3DFE800074D936 /* UdacityConstants.swift */,
				B100D3E51C3DFEAC0074D936 /* UdacityConvenience.swift */,
				B100D3E11C3DFE460074D936 /* UdacityClient.swift */,
			);
			name = Udacity;
			sourceTree = "<group>";
		};
		B100D3E71C3F21010074D936 /* Controller */ = {
			isa = PBXGroup;
			children = (
				B100D3AC1C3B29CC0074D936 /* LoginViewController.swift */,
				B1637DE11C53B8EE00E30B0F /* MapViewController.swift */,
			);
			name = Controller;
			sourceTree = "<group>";
		};
		B1637DD81C5043AC00E30B0F /* Parse */ = {
			isa = PBXGroup;
			children = (
				B1637DDD1C50440700E30B0F /* ParseConstants.swift */,
				B1637DD91C5043DD00E30B0F /* ParseClient.swift */,
				B1637DDB1C5043F100E30B0F /* ParseConvenience.swift */,
				B1637DDF1C52E81D00E30B0F /* StudentLocations.swift */,
			);
			name = Parse;
			sourceTree = "<group>";
		};
/* End PBXGroup section */

/* Begin PBXNativeTarget section */
		B100D3A61C3B29CC0074D936 /* On The Map */ = {
			isa = PBXNativeTarget;
			buildConfigurationList = B100D3CF1C3B29CC0074D936 /* Build configuration list for PBXNativeTarget "On The Map" */;
			buildPhases = (
				B100D3A31C3B29CC0074D936 /* Sources */,
				B100D3A41C3B29CC0074D936 /* Frameworks */,
				B100D3A51C3B29CC0074D936 /* Resources */,
			);
			buildRules = (
			);
			dependencies = (
			);
			name = "On The Map";
			productName = "On The Map";
			productReference = B100D3A71C3B29CC0074D936 /* On The Map.app */;
			productType = "com.apple.product-type.application";
		};
		B100D3BA1C3B29CC0074D936 /* On The MapTests */ = {
			isa = PBXNativeTarget;
			buildConfigurationList = B100D3D21C3B29CC0074D936 /* Build configuration list for PBXNativeTarget "On The MapTests" */;
			buildPhases = (
				B100D3B71C3B29CC0074D936 /* Sources */,
				B100D3B81C3B29CC0074D936 /* Frameworks */,
				B100D3B91C3B29CC0074D936 /* Resources */,
			);
			buildRules = (
			);
			dependencies = (
				B100D3BD1C3B29CC0074D936 /* PBXTargetDependency */,
			);
			name = "On The MapTests";
			productName = "On The MapTests";
			productReference = B100D3BB1C3B29CC0074D936 /* On The MapTests.xctest */;
			productType = "com.apple.product-type.bundle.unit-test";
		};
		B100D3C51C3B29CC0074D936 /* On The MapUITests */ = {
			isa = PBXNativeTarget;
			buildConfigurationList = B100D3D51C3B29CC0074D936 /* Build configuration list for PBXNativeTarget "On The MapUITests" */;
			buildPhases = (
				B100D3C21C3B29CC0074D936 /* Sources */,
				B100D3C31C3B29CC0074D936 /* Frameworks */,
				B100D3C41C3B29CC0074D936 /* Resources */,
			);
			buildRules = (
			);
			dependencies = (
				B100D3C81C3B29CC0074D936 /* PBXTargetDependency */,
			);
			name = "On The MapUITests";
			productName = "On The MapUITests";
			productReference = B100D3C61C3B29CC0074D936 /* On The MapUITests.xctest */;
			productType = "com.apple.product-type.bundle.ui-testing";
		};
/* End PBXNativeTarget section */

/* Begin PBXProject section */
		B100D39F1C3B29CC0074D936 /* Project object */ = {
			isa = PBXProject;
			attributes = {
				LastSwiftUpdateCheck = 0720;
				LastUpgradeCheck = 0720;
				ORGANIZATIONNAME = "Suvam Paul";
				TargetAttributes = {
					B100D3A61C3B29CC0074D936 = {
						CreatedOnToolsVersion = 7.2;
					};
					B100D3BA1C3B29CC0074D936 = {
						CreatedOnToolsVersion = 7.2;
						TestTargetID = B100D3A61C3B29CC0074D936;
					};
					B100D3C51C3B29CC0074D936 = {
						CreatedOnToolsVersion = 7.2;
						TestTargetID = B100D3A61C3B29CC0074D936;
					};
				};
			};
			buildConfigurationList = B100D3A21C3B29CC0074D936 /* Build configuration list for PBXProject "On The Map" */;
			compatibilityVersion = "Xcode 3.2";
			developmentRegion = English;
			hasScannedForEncodings = 0;
			knownRegions = (
				en,
				Base,
			);
			mainGroup = B100D39E1C3B29CC0074D936;
			productRefGroup = B100D3A81C3B29CC0074D936 /* Products */;
			projectDirPath = "";
			projectRoot = "";
			targets = (
				B100D3A61C3B29CC0074D936 /* On The Map */,
				B100D3BA1C3B29CC0074D936 /* On The MapTests */,
				B100D3C51C3B29CC0074D936 /* On The MapUITests */,
			);
		};
/* End PBXProject section */

/* Begin PBXResourcesBuildPhase section */
		B100D3A51C3B29CC0074D936 /* Resources */ = {
			isa = PBXResourcesBuildPhase;
			buildActionMask = 2147483647;
			files = (
				B100D3B51C3B29CC0074D936 /* LaunchScreen.storyboard in Resources */,
				B100D3B21C3B29CC0074D936 /* Assets.xcassets in Resources */,
				B100D3B01C3B29CC0074D936 /* Main.storyboard in Resources */,
			);
			runOnlyForDeploymentPostprocessing = 0;
		};
		B100D3B91C3B29CC0074D936 /* Resources */ = {
			isa = PBXResourcesBuildPhase;
			buildActionMask = 2147483647;
			files = (
			);
			runOnlyForDeploymentPostprocessing = 0;
		};
		B100D3C41C3B29CC0074D936 /* Resources */ = {
			isa = PBXResourcesBuildPhase;
			buildActionMask = 2147483647;
			files = (
			);
			runOnlyForDeploymentPostprocessing = 0;
		};
/* End PBXResourcesBuildPhase section */

/* Begin PBXSourcesBuildPhase section */
		B100D3A31C3B29CC0074D936 /* Sources */ = {
			isa = PBXSourcesBuildPhase;
			buildActionMask = 2147483647;
			files = (
				B1637DE01C52E81D00E30B0F /* StudentLocations.swift in Sources */,
				B100D3E21C3DFE460074D936 /* UdacityClient.swift in Sources */,
				B1637DDC1C5043F100E30B0F /* ParseConvenience.swift in Sources */,
				B1637DE21C53B8EE00E30B0F /* MapViewController.swift in Sources */,
				B1637DDA1C5043DD00E30B0F /* ParseClient.swift in Sources */,
				B100D3E41C3DFE800074D936 /* UdacityConstants.swift in Sources */,
				B1637DDE1C50440700E30B0F /* ParseConstants.swift in Sources */,
				B100D3AD1C3B29CC0074D936 /* LoginViewController.swift in Sources */,
				B100D3AB1C3B29CC0074D936 /* AppDelegate.swift in Sources */,
				B100D3E61C3DFEAC0074D936 /* UdacityConvenience.swift in Sources */,
			);
			runOnlyForDeploymentPostprocessing = 0;
		};
		B100D3B71C3B29CC0074D936 /* Sources */ = {
			isa = PBXSourcesBuildPhase;
			buildActionMask = 2147483647;
			files = (
				B100D3C01C3B29CC0074D936 /* On_The_MapTests.swift in Sources */,
			);
			runOnlyForDeploymentPostprocessing = 0;
		};
		B100D3C21C3B29CC0074D936 /* Sources */ = {
			isa = PBXSourcesBuildPhase;
			buildActionMask = 2147483647;
			files = (
				B100D3CB1C3B29CC0074D936 /* On_The_MapUITests.swift in Sources */,
			);
			runOnlyForDeploymentPostprocessing = 0;
		};
/* End PBXSourcesBuildPhase section */

/* Begin PBXTargetDependency section */
		B100D3BD1C3B29CC0074D936 /* PBXTargetDependency */ = {
			isa = PBXTargetDependency;
			target = B100D3A61C3B29CC0074D936 /* On The Map */;
			targetProxy = B100D3BC1C3B29CC0074D936 /* PBXContainerItemProxy */;
		};
		B100D3C81C3B29CC0074D936 /* PBXTargetDependency */ = {
			isa = PBXTargetDependency;
			target = B100D3A61C3B29CC0074D936 /* On The Map */;
			targetProxy = B100D3C71C3B29CC0074D936 /* PBXContainerItemProxy */;
		};
/* End PBXTargetDependency section */

/* Begin PBXVariantGroup section */
		B100D3AE1C3B29CC0074D936 /* Main.storyboard */ = {
			isa = PBXVariantGroup;
			children = (
				B100D3AF1C3B29CC0074D936 /* Base */,
			);
			name = Main.storyboard;
			sourceTree = "<group>";
		};
		B100D3B31C3B29CC0074D936 /* LaunchScreen.storyboard */ = {
			isa = PBXVariantGroup;
			children = (
				B100D3B41C3B29CC0074D936 /* Base */,
			);
			name = LaunchScreen.storyboard;
			sourceTree = "<group>";
		};
/* End PBXVariantGroup section */

/* Begin XCBuildConfiguration section */
		B100D3CD1C3B29CC0074D936 /* Debug */ = {
			isa = XCBuildConfiguration;
			buildSettings = {
				ALWAYS_SEARCH_USER_PATHS = NO;
				CLANG_CXX_LANGUAGE_STANDARD = "gnu++0x";
				CLANG_CXX_LIBRARY = "libc++";
				CLANG_ENABLE_MODULES = YES;
				CLANG_ENABLE_OBJC_ARC = YES;
				CLANG_WARN_BOOL_CONVERSION = YES;
				CLANG_WARN_CONSTANT_CONVERSION = YES;
				CLANG_WARN_DIRECT_OBJC_ISA_USAGE = YES_ERROR;
				CLANG_WARN_EMPTY_BODY = YES;
				CLANG_WARN_ENUM_CONVERSION = YES;
				CLANG_WARN_INT_CONVERSION = YES;
				CLANG_WARN_OBJC_ROOT_CLASS = YES_ERROR;
				CLANG_WARN_UNREACHABLE_CODE = YES;
				CLANG_WARN__DUPLICATE_METHOD_MATCH = YES;
				"CODE_SIGN_IDENTITY[sdk=iphoneos*]" = "iPhone Developer";
				COPY_PHASE_STRIP = NO;
				DEBUG_INFORMATION_FORMAT = dwarf;
				ENABLE_STRICT_OBJC_MSGSEND = YES;
				ENABLE_TESTABILITY = YES;
				GCC_C_LANGUAGE_STANDARD = gnu99;
				GCC_DYNAMIC_NO_PIC = NO;
				GCC_NO_COMMON_BLOCKS = YES;
				GCC_OPTIMIZATION_LEVEL = 0;
				GCC_PREPROCESSOR_DEFINITIONS = (
					"DEBUG=1",
					"$(inherited)",
				);
				GCC_WARN_64_TO_32_BIT_CONVERSION = YES;
				GCC_WARN_ABOUT_RETURN_TYPE = YES_ERROR;
				GCC_WARN_UNDECLARED_SELECTOR = YES;
				GCC_WARN_UNINITIALIZED_AUTOS = YES_AGGRESSIVE;
				GCC_WARN_UNUSED_FUNCTION = YES;
				GCC_WARN_UNUSED_VARIABLE = YES;
				IPHONEOS_DEPLOYMENT_TARGET = 9.2;
				MTL_ENABLE_DEBUG_INFO = YES;
				ONLY_ACTIVE_ARCH = YES;
				SDKROOT = iphoneos;
				SWIFT_OPTIMIZATION_LEVEL = "-Onone";
			};
			name = Debug;
		};
		B100D3CE1C3B29CC0074D936 /* Release */ = {
			isa = XCBuildConfiguration;
			buildSettings = {
				ALWAYS_SEARCH_USER_PATHS = NO;
				CLANG_CXX_LANGUAGE_STANDARD = "gnu++0x";
				CLANG_CXX_LIBRARY = "libc++";
				CLANG_ENABLE_MODULES = YES;
				CLANG_ENABLE_OBJC_ARC = YES;
				CLANG_WARN_BOOL_CONVERSION = YES;
				CLANG_WARN_CONSTANT_CONVERSION = YES;
				CLANG_WARN_DIRECT_OBJC_ISA_USAGE = YES_ERROR;
				CLANG_WARN_EMPTY_BODY = YES;
				CLANG_WARN_ENUM_CONVERSION = YES;
				CLANG_WARN_INT_CONVERSION = YES;
				CLANG_WARN_OBJC_ROOT_CLASS = YES_ERROR;
				CLANG_WARN_UNREACHABLE_CODE = YES;
				CLANG_WARN__DUPLICATE_METHOD_MATCH = YES;
				"CODE_SIGN_IDENTITY[sdk=iphoneos*]" = "iPhone Developer";
				COPY_PHASE_STRIP = NO;
				DEBUG_INFORMATION_FORMAT = "dwarf-with-dsym";
				ENABLE_NS_ASSERTIONS = NO;
				ENABLE_STRICT_OBJC_MSGSEND = YES;
				GCC_C_LANGUAGE_STANDARD = gnu99;
				GCC_NO_COMMON_BLOCKS = YES;
				GCC_WARN_64_TO_32_BIT_CONVERSION = YES;
				GCC_WARN_ABOUT_RETURN_TYPE = YES_ERROR;
				GCC_WARN_UNDECLARED_SELECTOR = YES;
				GCC_WARN_UNINITIALIZED_AUTOS = YES_AGGRESSIVE;
				GCC_WARN_UNUSED_FUNCTION = YES;
				GCC_WARN_UNUSED_VARIABLE = YES;
				IPHONEOS_DEPLOYMENT_TARGET = 9.2;
				MTL_ENABLE_DEBUG_INFO = NO;
				SDKROOT = iphoneos;
				VALIDATE_PRODUCT = YES;
			};
			name = Release;
		};
		B100D3D01C3B29CC0074D936 /* Debug */ = {
			isa = XCBuildConfiguration;
			buildSettings = {
				ASSETCATALOG_COMPILER_APPICON_NAME = AppIcon;
				INFOPLIST_FILE = "On The Map/Info.plist";
				LD_RUNPATH_SEARCH_PATHS = "$(inherited) @executable_path/Frameworks";
				PRODUCT_BUNDLE_IDENTIFIER = "com.sp3.On-The-Map";
				PRODUCT_NAME = "$(TARGET_NAME)";
			};
			name = Debug;
		};
		B100D3D11C3B29CC0074D936 /* Release */ = {
			isa = XCBuildConfiguration;
			buildSettings = {
				ASSETCATALOG_COMPILER_APPICON_NAME = AppIcon;
				INFOPLIST_FILE = "On The Map/Info.plist";
				LD_RUNPATH_SEARCH_PATHS = "$(inherited) @executable_path/Frameworks";
				PRODUCT_BUNDLE_IDENTIFIER = "com.sp3.On-The-Map";
				PRODUCT_NAME = "$(TARGET_NAME)";
			};
			name = Release;
		};
		B100D3D31C3B29CC0074D936 /* Debug */ = {
			isa = XCBuildConfiguration;
			buildSettings = {
				BUNDLE_LOADER = "$(TEST_HOST)";
				INFOPLIST_FILE = "On The MapTests/Info.plist";
				LD_RUNPATH_SEARCH_PATHS = "$(inherited) @executable_path/Frameworks @loader_path/Frameworks";
				PRODUCT_BUNDLE_IDENTIFIER = "com.sp3.On-The-MapTests";
				PRODUCT_NAME = "$(TARGET_NAME)";
				TEST_HOST = "$(BUILT_PRODUCTS_DIR)/On The Map.app/On The Map";
			};
			name = Debug;
		};
		B100D3D41C3B29CC0074D936 /* Release */ = {
			isa = XCBuildConfiguration;
			buildSettings = {
				BUNDLE_LOADER = "$(TEST_HOST)";
				INFOPLIST_FILE = "On The MapTests/Info.plist";
				LD_RUNPATH_SEARCH_PATHS = "$(inherited) @executable_path/Frameworks @loader_path/Frameworks";
				PRODUCT_BUNDLE_IDENTIFIER = "com.sp3.On-The-MapTests";
				PRODUCT_NAME = "$(TARGET_NAME)";
				TEST_HOST = "$(BUILT_PRODUCTS_DIR)/On The Map.app/On The Map";
			};
			name = Release;
		};
		B100D3D61C3B29CC0074D936 /* Debug */ = {
			isa = XCBuildConfiguration;
			buildSettings = {
				INFOPLIST_FILE = "On The MapUITests/Info.plist";
				LD_RUNPATH_SEARCH_PATHS = "$(inherited) @executable_path/Frameworks @loader_path/Frameworks";
				PRODUCT_BUNDLE_IDENTIFIER = "com.sp3.On-The-MapUITests";
				PRODUCT_NAME = "$(TARGET_NAME)";
				TEST_TARGET_NAME = "On The Map";
				USES_XCTRUNNER = YES;
			};
			name = Debug;
		};
		B100D3D71C3B29CC0074D936 /* Release */ = {
			isa = XCBuildConfiguration;
			buildSettings = {
				INFOPLIST_FILE = "On The MapUITests/Info.plist";
				LD_RUNPATH_SEARCH_PATHS = "$(inherited) @executable_path/Frameworks @loader_path/Frameworks";
				PRODUCT_BUNDLE_IDENTIFIER = "com.sp3.On-The-MapUITests";
				PRODUCT_NAME = "$(TARGET_NAME)";
				TEST_TARGET_NAME = "On The Map";
				USES_XCTRUNNER = YES;
			};
			name = Release;
		};
/* End XCBuildConfiguration section */

/* Begin XCConfigurationList section */
		B100D3A21C3B29CC0074D936 /* Build configuration list for PBXProject "On The Map" */ = {
			isa = XCConfigurationList;
			buildConfigurations = (
				B100D3CD1C3B29CC0074D936 /* Debug */,
				B100D3CE1C3B29CC0074D936 /* Release */,
			);
			defaultConfigurationIsVisible = 0;
			defaultConfigurationName = Release;
		};
		B100D3CF1C3B29CC0074D936 /* Build configuration list for PBXNativeTarget "On The Map" */ = {
			isa = XCConfigurationList;
			buildConfigurations = (
				B100D3D01C3B29CC0074D936 /* Debug */,
				B100D3D11C3B29CC0074D936 /* Release */,
			);
			defaultConfigurationIsVisible = 0;
			defaultConfigurationName = Release;
		};
		B100D3D21C3B29CC0074D936 /* Build configuration list for PBXNativeTarget "On The MapTests" */ = {
			isa = XCConfigurationList;
			buildConfigurations = (
				B100D3D31C3B29CC0074D936 /* Debug */,
				B100D3D41C3B29CC0074D936 /* Release */,
			);
			defaultConfigurationIsVisible = 0;
			defaultConfigurationName = Release;
		};
		B100D3D51C3B29CC0074D936 /* Build configuration list for PBXNativeTarget "On The MapUITests" */ = {
			isa = XCConfigurationList;
			buildConfigurations = (
				B100D3D61C3B29CC0074D936 /* Debug */,
				B100D3D71C3B29CC0074D936 /* Release */,
			);
			defaultConfigurationIsVisible = 0;
			defaultConfigurationName = Release;
		};
/* End XCConfigurationList section */
	};
	rootObject = B100D39F1C3B29CC0074D936 /* Project object */;
}
